
Microsoft Visual Studio Solution File, Format Version 12.00
# Visual Studio Version 17
VisualStudioVersion = 17.9.34728.123
MinimumVisualStudioVersion = 10.0.40219.1
Project("{FAE04EC0-301F-11D3-BF4B-00C04F79EFBC}") = "Exercicio_Cadastro_Pilha_Fila_DInamica", "Exercicio_Cadastro_Pilha_Fila_DInamica\Exercicio_Cadastro_Pilha_Fila_DInamica.csproj", "{73805911-E2D6-4518-8BD4-BB13CB7A7A87}"
EndProject
Global
	GlobalSection(SolutionConfigurationPlatforms) = preSolution
		Debug|Any CPU = Debug|Any CPU
		Release|Any CPU = Release|Any CPU
	EndGlobalSection
	GlobalSection(ProjectConfigurationPlatforms) = postSolution
		{73805911-E2D6-4518-8BD4-BB13CB7A7A87}.Debug|Any CPU.ActiveCfg = Debug|Any CPU
		{73805911-E2D6-4518-8BD4-BB13CB7A7A87}.Debug|Any CPU.Build.0 = Debug|Any CPU
		{73805911-E2D6-4518-8BD4-BB13CB7A7A87}.Release|Any CPU.ActiveCfg = Release|Any CPU
		{73805911-E2D6-4518-8BD4-BB13CB7A7A87}.Release|Any CPU.Build.0 = Release|Any CPU
	EndGlobalSection
	GlobalSection(SolutionProperties) = preSolution
		HideSolutionNode = FALSE
	EndGlobalSection
	GlobalSection(ExtensibilityGlobals) = postSolution
		SolutionGuid = {EA31C4E2-8C3D-4F7B-B90F-6C81899A2AC4}
	EndGlobalSection
EndGlobal
